
Microsoft Visual Studio Solution File, Format Version 12.00
# Visual Studio Version 17
VisualStudioVersion = 17.8.34525.116
MinimumVisualStudioVersion = 10.0.40219.1
Project("{9A19103F-16F7-4668-BE54-9A1E7A4F7556}") = "AgileWorks", "AgileWorks\AgileWorks.csproj", "{BAAD261D-FD06-4F1D-8931-832C60F662C2}"
EndProject
Project("{FAE04EC0-301F-11D3-BF4B-00C04F79EFBC}") = "TicketHelperTests", "TicketHelperTests\TicketHelperTests.csproj", "{FECB22F0-3315-4774-813A-E3120CC1DF22}"
EndProject
Global
	GlobalSection(SolutionConfigurationPlatforms) = preSolution
		Debug|Any CPU = Debug|Any CPU
		Release|Any CPU = Release|Any CPU
	EndGlobalSection
	GlobalSection(ProjectConfigurationPlatforms) = postSolution
		{BAAD261D-FD06-4F1D-8931-832C60F662C2}.Debug|Any CPU.ActiveCfg = Debug|Any CPU
		{BAAD261D-FD06-4F1D-8931-832C60F662C2}.Debug|Any CPU.Build.0 = Debug|Any CPU
		{BAAD261D-FD06-4F1D-8931-832C60F662C2}.Release|Any CPU.ActiveCfg = Release|Any CPU
		{BAAD261D-FD06-4F1D-8931-832C60F662C2}.Release|Any CPU.Build.0 = Release|Any CPU
		{FECB22F0-3315-4774-813A-E3120CC1DF22}.Debug|Any CPU.ActiveCfg = Debug|Any CPU
		{FECB22F0-3315-4774-813A-E3120CC1DF22}.Debug|Any CPU.Build.0 = Debug|Any CPU
		{FECB22F0-3315-4774-813A-E3120CC1DF22}.Release|Any CPU.ActiveCfg = Release|Any CPU
		{FECB22F0-3315-4774-813A-E3120CC1DF22}.Release|Any CPU.Build.0 = Release|Any CPU
	EndGlobalSection
	GlobalSection(SolutionProperties) = preSolution
		HideSolutionNode = FALSE
	EndGlobalSection
	GlobalSection(ExtensibilityGlobals) = postSolution
		SolutionGuid = {7794EAE8-9BED-4D98-B37C-DE9EA1FD2442}
	EndGlobalSection
EndGlobal
